// !$*UTF8*$!
{
	archiveVersion = 1;
	classes = {
	};
	objectVersion = 46;
	objects = {

/* Begin PBXBuildFile section */
		49EAB9B719CB8E8300C38BEA /* Foundation.framework in Frameworks */ = {isa = PBXBuildFile; fileRef = 49EAB9B619CB8E8300C38BEA /* Foundation.framework */; };
		49EAB9B919CB8E8300C38BEA /* CoreGraphics.framework in Frameworks */ = {isa = PBXBuildFile; fileRef = 49EAB9B819CB8E8300C38BEA /* CoreGraphics.framework */; };
		49EAB9BB19CB8E8300C38BEA /* UIKit.framework in Frameworks */ = {isa = PBXBuildFile; fileRef = 49EAB9BA19CB8E8300C38BEA /* UIKit.framework */; };
		49EAB9C119CB8E8300C38BEA /* InfoPlist.strings in Resources */ = {isa = PBXBuildFile; fileRef = 49EAB9BF19CB8E8300C38BEA /* InfoPlist.strings */; };
		49EAB9C319CB8E8300C38BEA /* main.m in Sources */ = {isa = PBXBuildFile; fileRef = 49EAB9C219CB8E8300C38BEA /* main.m */; };
		49EAB9C719CB8E8300C38BEA /* AppDelegate.m in Sources */ = {isa = PBXBuildFile; fileRef = 49EAB9C619CB8E8300C38BEA /* AppDelegate.m */; };
		49EAB9CA19CB8E8300C38BEA /* Main_iPhone.storyboard in Resources */ = {isa = PBXBuildFile; fileRef = 49EAB9C819CB8E8300C38BEA /* Main_iPhone.storyboard */; };
		49EAB9CD19CB8E8300C38BEA /* Main_iPad.storyboard in Resources */ = {isa = PBXBuildFile; fileRef = 49EAB9CB19CB8E8300C38BEA /* Main_iPad.storyboard */; };
		49EAB9D019CB8E8300C38BEA /* ViewController.m in Sources */ = {isa = PBXBuildFile; fileRef = 49EAB9CF19CB8E8300C38BEA /* ViewController.m */; };
		49EAB9D219CB8E8300C38BEA /* Images.xcassets in Resources */ = {isa = PBXBuildFile; fileRef = 49EAB9D119CB8E8300C38BEA /* Images.xcassets */; };
		49EAB9D919CB8E8300C38BEA /* XCTest.framework in Frameworks */ = {isa = PBXBuildFile; fileRef = 49EAB9D819CB8E8300C38BEA /* XCTest.framework */; };
		49EAB9DA19CB8E8300C38BEA /* Foundation.framework in Frameworks */ = {isa = PBXBuildFile; fileRef = 49EAB9B619CB8E8300C38BEA /* Foundation.framework */; };
		49EAB9DB19CB8E8300C38BEA /* UIKit.framework in Frameworks */ = {isa = PBXBuildFile; fileRef = 49EAB9BA19CB8E8300C38BEA /* UIKit.framework */; };
		49EAB9E319CB8E8300C38BEA /* InfoPlist.strings in Resources */ = {isa = PBXBuildFile; fileRef = 49EAB9E119CB8E8300C38BEA /* InfoPlist.strings */; };
		49EAB9E519CB8E8300C38BEA /* CoreMotionExampleTests.m in Sources */ = {isa = PBXBuildFile; fileRef = 49EAB9E419CB8E8300C38BEA /* CoreMotionExampleTests.m */; };
/* End PBXBuildFile section */

/* Begin PBXContainerItemProxy section */
		49EAB9DC19CB8E8300C38BEA /* PBXContainerItemProxy */ = {
			isa = PBXContainerItemProxy;
			containerPortal = 49EAB9AB19CB8E8300C38BEA /* Project object */;
			proxyType = 1;
			remoteGlobalIDString = 49EAB9B219CB8E8300C38BEA;
			remoteInfo = CoreMotionExample;
		};
/* End PBXContainerItemProxy section */

/* Begin PBXFileReference section */
		49EAB9B319CB8E8300C38BEA /* CoreMotionExample.app */ = {isa = PBXFileReference; explicitFileType = wrapper.application; includeInIndex = 0; path = CoreMotionExample.app; sourceTree = BUILT_PRODUCTS_DIR; };
		49EAB9B619CB8E8300C38BEA /* Foundation.framework */ = {isa = PBXFileReference; lastKnownFileType = wrapper.framework; name = Foundation.framework; path = System/Library/Frameworks/Foundation.framework; sourceTree = SDKROOT; };
		49EAB9B819CB8E8300C38BEA /* CoreGraphics.framework */ = {isa = PBXFileReference; lastKnownFileType = wrapper.framework; name = CoreGraphics.framework; path = System/Library/Frameworks/CoreGraphics.framework; sourceTree = SDKROOT; };
		49EAB9BA19CB8E8300C38BEA /* UIKit.framework */ = {isa = PBXFileReference; lastKnownFileType = wrapper.framework; name = UIKit.framework; path = System/Library/Frameworks/UIKit.framework; sourceTree = SDKROOT; };
		49EAB9BE19CB8E8300C38BEA /* CoreMotionExample-Info.plist */ = {isa = PBXFileReference; lastKnownFileType = text.plist.xml; path = "CoreMotionExample-Info.plist"; sourceTree = "<group>"; };
		49EAB9C019CB8E8300C38BEA /* en */ = {isa = PBXFileReference; lastKnownFileType = text.plist.strings; name = en; path = en.lproj/InfoPlist.strings; sourceTree = "<group>"; };
		49EAB9C219CB8E8300C38BEA /* main.m */ = {isa = PBXFileReference; lastKnownFileType = sourcecode.c.objc; path = main.m; sourceTree = "<group>"; };
		49EAB9C419CB8E8300C38BEA /* CoreMotionExample-Prefix.pch */ = {isa = PBXFileReference; lastKnownFileType = sourcecode.c.h; path = "CoreMotionExample-Prefix.pch"; sourceTree = "<group>"; };
		49EAB9C519CB8E8300C38BEA /* AppDelegate.h */ = {isa = PBXFileReference; lastKnownFileType = sourcecode.c.h; path = AppDelegate.h; sourceTree = "<group>"; };
		49EAB9C619CB8E8300C38BEA /* AppDelegate.m */ = {isa = PBXFileReference; lastKnownFileType = sourcecode.c.objc; path = AppDelegate.m; sourceTree = "<group>"; };
		49EAB9C919CB8E8300C38BEA /* Base */ = {isa = PBXFileReference; lastKnownFileType = file.storyboard; name = Base; path = Base.lproj/Main_iPhone.storyboard; sourceTree = "<group>"; };
		49EAB9CC19CB8E8300C38BEA /* Base */ = {isa = PBXFileReference; lastKnownFileType = file.storyboard; name = Base; path = Base.lproj/Main_iPad.storyboard; sourceTree = "<group>"; };
		49EAB9CE19CB8E8300C38BEA /* ViewController.h */ = {isa = PBXFileReference; lastKnownFileType = sourcecode.c.h; path = ViewController.h; sourceTree = "<group>"; };
		49EAB9CF19CB8E8300C38BEA /* ViewController.m */ = {isa = PBXFileReference; lastKnownFileType = sourcecode.c.objc; path = ViewController.m; sourceTree = "<group>"; };
		49EAB9D119CB8E8300C38BEA /* Images.xcassets */ = {isa = PBXFileReference; lastKnownFileType = folder.assetcatalog; path = Images.xcassets; sourceTree = "<group>"; };
		49EAB9D719CB8E8300C38BEA /* CoreMotionExampleTests.xctest */ = {isa = PBXFileReference; explicitFileType = wrapper.cfbundle; includeInIndex = 0; path = CoreMotionExampleTests.xctest; sourceTree = BUILT_PRODUCTS_DIR; };
		49EAB9D819CB8E8300C38BEA /* XCTest.framework */ = {isa = PBXFileReference; lastKnownFileType = wrapper.framework; name = XCTest.framework; path = Library/Frameworks/XCTest.framework; sourceTree = DEVELOPER_DIR; };
		49EAB9E019CB8E8300C38BEA /* CoreMotionExampleTests-Info.plist */ = {isa = PBXFileReference; lastKnownFileType = text.plist.xml; path = "CoreMotionExampleTests-Info.plist"; sourceTree = "<group>"; };
		49EAB9E219CB8E8300C38BEA /* en */ = {isa = PBXFileReference; lastKnownFileType = text.plist.strings; name = en; path = en.lproj/InfoPlist.strings; sourceTree = "<group>"; };
		49EAB9E419CB8E8300C38BEA /* CoreMotionExampleTests.m */ = {isa = PBXFileReference; lastKnownFileType = sourcecode.c.objc; path = CoreMotionExampleTests.m; sourceTree = "<group>"; };
/* End PBXFileReference section */

/* Begin PBXFrameworksBuildPhase section */
		49EAB9B019CB8E8300C38BEA /* Frameworks */ = {
			isa = PBXFrameworksBuildPhase;
			buildActionMask = 2147483647;
			files = (
				49EAB9B919CB8E8300C38BEA /* CoreGraphics.framework in Frameworks */,
				49EAB9BB19CB8E8300C38BEA /* UIKit.framework in Frameworks */,
				49EAB9B719CB8E8300C38BEA /* Foundation.framework in Frameworks */,
			);
			runOnlyForDeploymentPostprocessing = 0;
		};
		49EAB9D419CB8E8300C38BEA /* Frameworks */ = {
			isa = PBXFrameworksBuildPhase;
			buildActionMask = 2147483647;
			files = (
				49EAB9D919CB8E8300C38BEA /* XCTest.framework in Frameworks */,
				49EAB9DB19CB8E8300C38BEA /* UIKit.framework in Frameworks */,
				49EAB9DA19CB8E8300C38BEA /* Foundation.framework in Frameworks */,
			);
			runOnlyForDeploymentPostprocessing = 0;
		};
/* End PBXFrameworksBuildPhase section */

/* Begin PBXGroup section */
		49EAB9AA19CB8E8300C38BEA = {
			isa = PBXGroup;
			children = (
				49EAB9BC19CB8E8300C38BEA /* CoreMotionExample */,
				49EAB9DE19CB8E8300C38BEA /* CoreMotionExampleTests */,
				49EAB9B519CB8E8300C38BEA /* Frameworks */,
				49EAB9B419CB8E8300C38BEA /* Products */,
			);
			sourceTree = "<group>";
		};
		49EAB9B419CB8E8300C38BEA /* Products */ = {
			isa = PBXGroup;
			children = (
				49EAB9B319CB8E8300C38BEA /* CoreMotionExample.app */,
				49EAB9D719CB8E8300C38BEA /* CoreMotionExampleTests.xctest */,
			);
			name = Products;
			sourceTree = "<group>";
		};
		49EAB9B519CB8E8300C38BEA /* Frameworks */ = {
			isa = PBXGroup;
			children = (
				49EAB9B619CB8E8300C38BEA /* Foundation.framework */,
				49EAB9B819CB8E8300C38BEA /* CoreGraphics.framework */,
				49EAB9BA19CB8E8300C38BEA /* UIKit.framework */,
				49EAB9D819CB8E8300C38BEA /* XCTest.framework */,
			);
			name = Frameworks;
			sourceTree = "<group>";
		};
		49EAB9BC19CB8E8300C38BEA /* CoreMotionExample */ = {
			isa = PBXGroup;
			children = (
				49EAB9C519CB8E8300C38BEA /* AppDelegate.h */,
				49EAB9C619CB8E8300C38BEA /* AppDelegate.m */,
				49EAB9C819CB8E8300C38BEA /* Main_iPhone.storyboard */,
				49EAB9CB19CB8E8300C38BEA /* Main_iPad.storyboard */,
				49EAB9CE19CB8E8300C38BEA /* ViewController.h */,
				49EAB9CF19CB8E8300C38BEA /* ViewController.m */,
				49EAB9D119CB8E8300C38BEA /* Images.xcassets */,
				49EAB9BD19CB8E8300C38BEA /* Supporting Files */,
			);
			path = CoreMotionExample;
			sourceTree = "<group>";
		};
		49EAB9BD19CB8E8300C38BEA /* Supporting Files */ = {
			isa = PBXGroup;
			children = (
				49EAB9BE19CB8E8300C38BEA /* CoreMotionExample-Info.plist */,
				49EAB9BF19CB8E8300C38BEA /* InfoPlist.strings */,
				49EAB9C219CB8E8300C38BEA /* main.m */,
				49EAB9C419CB8E8300C38BEA /* CoreMotionExample-Prefix.pch */,
			);
			name = "Supporting Files";
			sourceTree = "<group>";
		};
		49EAB9DE19CB8E8300C38BEA /* CoreMotionExampleTests */ = {
			isa = PBXGroup;
			children = (
				49EAB9E419CB8E8300C38BEA /* CoreMotionExampleTests.m */,
				49EAB9DF19CB8E8300C38BEA /* Supporting Files */,
			);
			path = CoreMotionExampleTests;
			sourceTree = "<group>";
		};
		49EAB9DF19CB8E8300C38BEA /* Supporting Files */ = {
			isa = PBXGroup;
			children = (
				49EAB9E019CB8E8300C38BEA /* CoreMotionExampleTests-Info.plist */,
				49EAB9E119CB8E8300C38BEA /* InfoPlist.strings */,
			);
			name = "Supporting Files";
			sourceTree = "<group>";
		};
/* End PBXGroup section */

/* Begin PBXNativeTarget section */
		49EAB9B219CB8E8300C38BEA /* CoreMotionExample */ = {
			isa = PBXNativeTarget;
			buildConfigurationList = 49EAB9E819CB8E8300C38BEA /* Build configuration list for PBXNativeTarget "CoreMotionExample" */;
			buildPhases = (
				49EAB9AF19CB8E8300C38BEA /* Sources */,
				49EAB9B019CB8E8300C38BEA /* Frameworks */,
				49EAB9B119CB8E8300C38BEA /* Resources */,
			);
			buildRules = (
			);
			dependencies = (
			);
			name = CoreMotionExample;
			productName = CoreMotionExample;
			productReference = 49EAB9B319CB8E8300C38BEA /* CoreMotionExample.app */;
			productType = "com.apple.product-type.application";
		};
		49EAB9D619CB8E8300C38BEA /* CoreMotionExampleTests */ = {
			isa = PBXNativeTarget;
			buildConfigurationList = 49EAB9EB19CB8E8300C38BEA /* Build configuration list for PBXNativeTarget "CoreMotionExampleTests" */;
			buildPhases = (
				49EAB9D319CB8E8300C38BEA /* Sources */,
				49EAB9D419CB8E8300C38BEA /* Frameworks */,
				49EAB9D519CB8E8300C38BEA /* Resources */,
			);
			buildRules = (
			);
			dependencies = (
				49EAB9DD19CB8E8300C38BEA /* PBXTargetDependency */,
			);
			name = CoreMotionExampleTests;
			productName = CoreMotionExampleTests;
			productReference = 49EAB9D719CB8E8300C38BEA /* CoreMotionExampleTests.xctest */;
			productType = "com.apple.product-type.bundle.unit-test";
		};
/* End PBXNativeTarget section */

/* Begin PBXProject section */
		49EAB9AB19CB8E8300C38BEA /* Project object */ = {
			isa = PBXProject;
			attributes = {
				LastUpgradeCheck = 0510;
				ORGANIZATIONNAME = "Cesar Perez Laguna";
				TargetAttributes = {
					49EAB9D619CB8E8300C38BEA = {
						TestTargetID = 49EAB9B219CB8E8300C38BEA;
					};
				};
			};
			buildConfigurationList = 49EAB9AE19CB8E8300C38BEA /* Build configuration list for PBXProject "CoreMotionExample" */;
			compatibilityVersion = "Xcode 3.2";
			developmentRegion = English;
			hasScannedForEncodings = 0;
			knownRegions = (
				en,
				Base,
			);
			mainGroup = 49EAB9AA19CB8E8300C38BEA;
			productRefGroup = 49EAB9B419CB8E8300C38BEA /* Products */;
			projectDirPath = "";
			projectRoot = "";
			targets = (
				49EAB9B219CB8E8300C38BEA /* CoreMotionExample */,
				49EAB9D619CB8E8300C38BEA /* CoreMotionExampleTests */,
			);
		};
/* End PBXProject section */

/* Begin PBXResourcesBuildPhase section */
		49EAB9B119CB8E8300C38BEA /* Resources */ = {
			isa = PBXResourcesBuildPhase;
			buildActionMask = 2147483647;
			files = (
				49EAB9CD19CB8E8300C38BEA /* Main_iPad.storyboard in Resources */,
				49EAB9D219CB8E8300C38BEA /* Images.xcassets in Resources */,
				49EAB9CA19CB8E8300C38BEA /* Main_iPhone.storyboard in Resources */,
				49EAB9C119CB8E8300C38BEA /* InfoPlist.strings in Resources */,
			);
			runOnlyForDeploymentPostprocessing = 0;
		};
		49EAB9D519CB8E8300C38BEA /* Resources */ = {
			isa = PBXResourcesBuildPhase;
			buildActionMask = 2147483647;
			files = (
				49EAB9E319CB8E8300C38BEA /* InfoPlist.strings in Resources */,
			);
			runOnlyForDeploymentPostprocessing = 0;
		};
/* End PBXResourcesBuildPhase section */

/* Begin PBXSourcesBuildPhase section */
		49EAB9AF19CB8E8300C38BEA /* Sources */ = {
			isa = PBXSourcesBuildPhase;
			buildActionMask = 2147483647;
			files = (
				49EAB9D019CB8E8300C38BEA /* ViewController.m in Sources */,
				49EAB9C719CB8E8300C38BEA /* AppDelegate.m in Sources */,
				49EAB9C319CB8E8300C38BEA /* main.m in Sources */,
			);
			runOnlyForDeploymentPostprocessing = 0;
		};
		49EAB9D319CB8E8300C38BEA /* Sources */ = {
			isa = PBXSourcesBuildPhase;
			buildActionMask = 2147483647;
			files = (
				49EAB9E519CB8E8300C38BEA /* CoreMotionExampleTests.m in Sources */,
			);
			runOnlyForDeploymentPostprocessing = 0;
		};
/* End PBXSourcesBuildPhase section */

/* Begin PBXTargetDependency section */
		49EAB9DD19CB8E8300C38BEA /* PBXTargetDependency */ = {
			isa = PBXTargetDependency;
			target = 49EAB9B219CB8E8300C38BEA /* CoreMotionExample */;
			targetProxy = 49EAB9DC19CB8E8300C38BEA /* PBXContainerItemProxy */;
		};
/* End PBXTargetDependency section */

/* Begin PBXVariantGroup section */
		49EAB9BF19CB8E8300C38BEA /* InfoPlist.strings */ = {
			isa = PBXVariantGroup;
			children = (
				49EAB9C019CB8E8300C38BEA /* en */,
			);
			name = InfoPlist.strings;
			sourceTree = "<group>";
		};
		49EAB9C819CB8E8300C38BEA /* Main_iPhone.storyboard */ = {
			isa = PBXVariantGroup;
			children = (
				49EAB9C919CB8E8300C38BEA /* Base */,
			);
			name = Main_iPhone.storyboard;
			sourceTree = "<group>";
		};
		49EAB9CB19CB8E8300C38BEA /* Main_iPad.storyboard */ = {
			isa = PBXVariantGroup;
			children = (
				49EAB9CC19CB8E8300C38BEA /* Base */,
			);
			name = Main_iPad.storyboard;
			sourceTree = "<group>";
		};
		49EAB9E119CB8E8300C38BEA /* InfoPlist.strings */ = {
			isa = PBXVariantGroup;
			children = (
				49EAB9E219CB8E8300C38BEA /* en */,
			);
			name = InfoPlist.strings;
			sourceTree = "<group>";
		};
/* End PBXVariantGroup section */

/* Begin XCBuildConfiguration section */
		49EAB9E619CB8E8300C38BEA /* Debug */ = {
			isa = XCBuildConfiguration;
			buildSettings = {
				ALWAYS_SEARCH_USER_PATHS = NO;
				CLANG_CXX_LANGUAGE_STANDARD = "gnu++0x";
				CLANG_CXX_LIBRARY = "libc++";
				CLANG_ENABLE_MODULES = YES;
				CLANG_ENABLE_OBJC_ARC = YES;
				CLANG_WARN_BOOL_CONVERSION = YES;
				CLANG_WARN_CONSTANT_CONVERSION = YES;
				CLANG_WARN_DIRECT_OBJC_ISA_USAGE = YES_ERROR;
				CLANG_WARN_EMPTY_BODY = YES;
				CLANG_WARN_ENUM_CONVERSION = YES;
				CLANG_WARN_INT_CONVERSION = YES;
				CLANG_WARN_OBJC_ROOT_CLASS = YES_ERROR;
				CLANG_WARN__DUPLICATE_METHOD_MATCH = YES;
				"CODE_SIGN_IDENTITY[sdk=iphoneos*]" = "iPhone Developer";
				COPY_PHASE_STRIP = NO;
				GCC_C_LANGUAGE_STANDARD = gnu99;
				GCC_DYNAMIC_NO_PIC = NO;
				GCC_OPTIMIZATION_LEVEL = 0;
				GCC_PREPROCESSOR_DEFINITIONS = (
					"DEBUG=1",
					"$(inherited)",
				);
				GCC_SYMBOLS_PRIVATE_EXTERN = NO;
				GCC_WARN_64_TO_32_BIT_CONVERSION = YES;
				GCC_WARN_ABOUT_RETURN_TYPE = YES_ERROR;
				GCC_WARN_UNDECLARED_SELECTOR = YES;
				GCC_WARN_UNINITIALIZED_AUTOS = YES_AGGRESSIVE;
				GCC_WARN_UNUSED_FUNCTION = YES;
				GCC_WARN_UNUSED_VARIABLE = YES;
				IPHONEOS_DEPLOYMENT_TARGET = 7.1;
				ONLY_ACTIVE_ARCH = YES;
				SDKROOT = iphoneos;
				TARGETED_DEVICE_FAMILY = "1,2";
			};
			name = Debug;
		};
		49EAB9E719CB8E8300C38BEA /* Release */ = {
			isa = XCBuildConfiguration;
			buildSettings = {
				ALWAYS_SEARCH_USER_PATHS = NO;
				CLANG_CXX_LANGUAGE_STANDARD = "gnu++0x";
				CLANG_CXX_LIBRARY = "libc++";
				CLANG_ENABLE_MODULES = YES;
				CLANG_ENABLE_OBJC_ARC = YES;
				CLANG_WARN_BOOL_CONVERSION = YES;
				CLANG_WARN_CONSTANT_CONVERSION = YES;
				CLANG_WARN_DIRECT_OBJC_ISA_USAGE = YES_ERROR;
				CLANG_WARN_EMPTY_BODY = YES;
				CLANG_WARN_ENUM_CONVERSION = YES;
				CLANG_WARN_INT_CONVERSION = YES;
				CLANG_WARN_OBJC_ROOT_CLASS = YES_ERROR;
				CLANG_WARN__DUPLICATE_METHOD_MATCH = YES;
				"CODE_SIGN_IDENTITY[sdk=iphoneos*]" = "iPhone Developer";
				COPY_PHASE_STRIP = YES;
				ENABLE_NS_ASSERTIONS = NO;
				GCC_C_LANGUAGE_STANDARD = gnu99;
				GCC_WARN_64_TO_32_BIT_CONVERSION = YES;
				GCC_WARN_ABOUT_RETURN_TYPE = YES_ERROR;
				GCC_WARN_UNDECLARED_SELECTOR = YES;
				GCC_WARN_UNINITIALIZED_AUTOS = YES_AGGRESSIVE;
				GCC_WARN_UNUSED_FUNCTION = YES;
				GCC_WARN_UNUSED_VARIABLE = YES;
				IPHONEOS_DEPLOYMENT_TARGET = 7.1;
				SDKROOT = iphoneos;
				TARGETED_DEVICE_FAMILY = "1,2";
				VALIDATE_PRODUCT = YES;
			};
			name = Release;
		};
		49EAB9E919CB8E8300C38BEA /* Debug */ = {
			isa = XCBuildConfiguration;
			buildSettings = {
				ASSETCATALOG_COMPILER_APPICON_NAME = AppIcon;
				ASSETCATALOG_COMPILER_LAUNCHIMAGE_NAME = LaunchImage;
				GCC_PRECOMPILE_PREFIX_HEADER = YES;
				GCC_PREFIX_HEADER = "CoreMotionExample/CoreMotionExample-Prefix.pch";
				INFOPLIST_FILE = "CoreMotionExample/CoreMotionExample-Info.plist";
				PRODUCT_NAME = "$(TARGET_NAME)";
				WRAPPER_EXTENSION = app;
			};
			name = Debug;
		};
		49EAB9EA19CB8E8300C38BEA /* Release */ = {
			isa = XCBuildConfiguration;
			buildSettings = {
				ASSETCATALOG_COMPILER_APPICON_NAME = AppIcon;
				ASSETCATALOG_COMPILER_LAUNCHIMAGE_NAME = LaunchImage;
				GCC_PRECOMPILE_PREFIX_HEADER = YES;
				GCC_PREFIX_HEADER = "CoreMotionExample/CoreMotionExample-Prefix.pch";
				INFOPLIST_FILE = "CoreMotionExample/CoreMotionExample-Info.plist";
				PRODUCT_NAME = "$(TARGET_NAME)";
				WRAPPER_EXTENSION = app;
			};
			name = Release;
		};
		49EAB9EC19CB8E8300C38BEA /* Debug */ = {
			isa = XCBuildConfiguration;
			buildSettings = {
				BUNDLE_LOADER = "$(BUILT_PRODUCTS_DIR)/CoreMotionExample.app/CoreMotionExample";
				FRAMEWORK_SEARCH_PATHS = (
					"$(SDKROOT)/Developer/Library/Frameworks",
					"$(inherited)",
					"$(DEVELOPER_FRAMEWORKS_DIR)",
				);
				GCC_PRECOMPILE_PREFIX_HEADER = YES;
				GCC_PREFIX_HEADER = "CoreMotionExample/CoreMotionExample-Prefix.pch";
				GCC_PREPROCESSOR_DEFINITIONS = (
					"DEBUG=1",
					"$(inherited)",
				);
				INFOPLIST_FILE = "CoreMotionExampleTests/CoreMotionExampleTests-Info.plist";
				PRODUCT_NAME = "$(TARGET_NAME)";
				TEST_HOST = "$(BUNDLE_LOADER)";
				WRAPPER_EXTENSION = xctest;
			};
			name = Debug;
		};
		49EAB9ED19CB8E8300C38BEA /* Release */ = {
			isa = XCBuildConfiguration;
			buildSettings = {
				BUNDLE_LOADER = "$(BUILT_PRODUCTS_DIR)/CoreMotionExample.app/CoreMotionExample";
				FRAMEWORK_SEARCH_PATHS = (
					"$(SDKROOT)/Developer/Library/Frameworks",
					"$(inherited)",
					"$(DEVELOPER_FRAMEWORKS_DIR)",
				);
				GCC_PRECOMPILE_PREFIX_HEADER = YES;
				GCC_PREFIX_HEADER = "CoreMotionExample/CoreMotionExample-Prefix.pch";
				INFOPLIST_FILE = "CoreMotionExampleTests/CoreMotionExampleTests-Info.plist";
				PRODUCT_NAME = "$(TARGET_NAME)";
				TEST_HOST = "$(BUNDLE_LOADER)";
				WRAPPER_EXTENSION = xctest;
			};
			name = Release;
		};
/* End XCBuildConfiguration section */

/* Begin XCConfigurationList section */
		49EAB9AE19CB8E8300C38BEA /* Build configuration list for PBXProject "CoreMotionExample" */ = {
			isa = XCConfigurationList;
			buildConfigurations = (
				49EAB9E619CB8E8300C38BEA /* Debug */,
				49EAB9E719CB8E8300C38BEA /* Release */,
			);
			defaultConfigurationIsVisible = 0;
			defaultConfigurationName = Release;
		};
		49EAB9E819CB8E8300C38BEA /* Build configuration list for PBXNativeTarget "CoreMotionExample" */ = {
			isa = XCConfigurationList;
			buildConfigurations = (
				49EAB9E919CB8E8300C38BEA /* Debug */,
				49EAB9EA19CB8E8300C38BEA /* Release */,
			);
			defaultConfigurationIsVisible = 0;
		};
		49EAB9EB19CB8E8300C38BEA /* Build configuration list for PBXNativeTarget "CoreMotionExampleTests" */ = {
			isa = XCConfigurationList;
			buildConfigurations = (
				49EAB9EC19CB8E8300C38BEA /* Debug */,
				49EAB9ED19CB8E8300C38BEA /* Release */,
			);
			defaultConfigurationIsVisible = 0;
		};
/* End XCConfigurationList section */
	};
	rootObject = 49EAB9AB19CB8E8300C38BEA /* Project object */;
}
